[metadata]
lock_version = 1
declaration_hash_version = 1
declaration_hash = "sha256:dcc275938dae1044aaebc42643d199f84685217c847732158bf23c907b725d14"
generated_by = "ocx 0.3.7"
generated_at = "2026-06-12T10:49:56Z"

[[tool]]
name = "cli"
group = "default"
pinned = "dev.ocx.sh/ocx/cli@sha256:075ff11deda2d9929849cb253293d8674afec325a3a8a75926d72e3f0a0331a7"

[[tool]]
name = "mirror"
group = "default"
pinned = "dev.ocx.sh/ocx/mirror@sha256:34468f7a45fb6027fbb900cd69834a74990a256c3e4dc8d8759da075856f4a97"
